
Microsoft Visual Studio Solution File, Format Version 10.00
# Visual Studio 2008
Project("{D183A3D8-5FD8-494B-B014-37F57B35E655}") = "ETL_DW_REducativos", "ETL_DW_REducativos\ETL_DW_REducativos.dtproj", "{90F074FF-483C-49AB-9554-EC52A6384DCC}"
EndProject
Project("{D2ABAB84-BF74-430A-B69E-9DC6D40DDA17}") = "Cubos OLAP", "Cubos OLAP\Cubos OLAP.dwproj", "{239436B5-92A0-4FB6-BC0F-11FED090365D}"
EndProject
Project("{F14B399A-7131-4C87-9E4B-1186C45EF12D}") = "Reportes", "Proyecto de informe1\Reportes.rptproj", "{5AA78220-9EF5-4BC1-A217-DC443710EBDE}"
EndProject
Global
	GlobalSection(SolutionConfigurationPlatforms) = preSolution
		Debug|Default = Debug|Default
		DebugLocal|Default = DebugLocal|Default
		Development|Default = Development|Default
		Release|Default = Release|Default
	EndGlobalSection
	GlobalSection(ProjectConfigurationPlatforms) = postSolution
		{90F074FF-483C-49AB-9554-EC52A6384DCC}.Debug|Default.ActiveCfg = Development
		{90F074FF-483C-49AB-9554-EC52A6384DCC}.Debug|Default.Build.0 = Development
		{90F074FF-483C-49AB-9554-EC52A6384DCC}.DebugLocal|Default.ActiveCfg = Development
		{90F074FF-483C-49AB-9554-EC52A6384DCC}.DebugLocal|Default.Build.0 = Development
		{90F074FF-483C-49AB-9554-EC52A6384DCC}.Development|Default.ActiveCfg = Development
		{90F074FF-483C-49AB-9554-EC52A6384DCC}.Development|Default.Build.0 = Development
		{90F074FF-483C-49AB-9554-EC52A6384DCC}.Release|Default.ActiveCfg = Development
		{90F074FF-483C-49AB-9554-EC52A6384DCC}.Release|Default.Build.0 = Development
		{239436B5-92A0-4FB6-BC0F-11FED090365D}.Debug|Default.ActiveCfg = Development
		{239436B5-92A0-4FB6-BC0F-11FED090365D}.Debug|Default.Build.0 = Development
		{239436B5-92A0-4FB6-BC0F-11FED090365D}.Debug|Default.Deploy.0 = Development
		{239436B5-92A0-4FB6-BC0F-11FED090365D}.DebugLocal|Default.ActiveCfg = Development
		{239436B5-92A0-4FB6-BC0F-11FED090365D}.DebugLocal|Default.Build.0 = Development
		{239436B5-92A0-4FB6-BC0F-11FED090365D}.DebugLocal|Default.Deploy.0 = Development
		{239436B5-92A0-4FB6-BC0F-11FED090365D}.Development|Default.ActiveCfg = Development
		{239436B5-92A0-4FB6-BC0F-11FED090365D}.Development|Default.Build.0 = Development
		{239436B5-92A0-4FB6-BC0F-11FED090365D}.Development|Default.Deploy.0 = Development
		{239436B5-92A0-4FB6-BC0F-11FED090365D}.Release|Default.ActiveCfg = Development
		{239436B5-92A0-4FB6-BC0F-11FED090365D}.Release|Default.Build.0 = Development
		{239436B5-92A0-4FB6-BC0F-11FED090365D}.Release|Default.Deploy.0 = Development
		{5AA78220-9EF5-4BC1-A217-DC443710EBDE}.Debug|Default.ActiveCfg = Debug
		{5AA78220-9EF5-4BC1-A217-DC443710EBDE}.Debug|Default.Build.0 = DebugLocal
		{5AA78220-9EF5-4BC1-A217-DC443710EBDE}.Debug|Default.Deploy.0 = DebugLocal
		{5AA78220-9EF5-4BC1-A217-DC443710EBDE}.DebugLocal|Default.ActiveCfg = DebugLocal
		{5AA78220-9EF5-4BC1-A217-DC443710EBDE}.DebugLocal|Default.Build.0 = DebugLocal
		{5AA78220-9EF5-4BC1-A217-DC443710EBDE}.Development|Default.ActiveCfg = DebugLocal
		{5AA78220-9EF5-4BC1-A217-DC443710EBDE}.Development|Default.Build.0 = DebugLocal
		{5AA78220-9EF5-4BC1-A217-DC443710EBDE}.Release|Default.ActiveCfg = Release
		{5AA78220-9EF5-4BC1-A217-DC443710EBDE}.Release|Default.Build.0 = Release
		{5AA78220-9EF5-4BC1-A217-DC443710EBDE}.Release|Default.Deploy.0 = Release
	EndGlobalSection
	GlobalSection(SolutionProperties) = preSolution
		HideSolutionNode = FALSE
	EndGlobalSection
EndGlobal
